
Microsoft Visual Studio Solution File, Format Version 12.00
# Visual Studio Version 16
VisualStudioVersion = 16.0.30804.86
MinimumVisualStudioVersion = 10.0.40219.1
Project("{FAE04EC0-301F-11D3-BF4B-00C04F79EFBC}") = "GartnerAssignment", "GartnerAssignment\GartnerAssignment.csproj", "{64D37714-AD27-4AF0-B501-EC5156A34BEB}"
EndProject
Project("{FAE04EC0-301F-11D3-BF4B-00C04F79EFBC}") = "GartnerAssingnment.Tests", "GartnerAssingnment.Tests\GartnerAssingnment.Tests.csproj", "{BCC4AA96-317F-4E32-829D-3E9C5A6F4AF9}"
EndProject
Global
	GlobalSection(SolutionConfigurationPlatforms) = preSolution
		Debug|Any CPU = Debug|Any CPU
		Release|Any CPU = Release|Any CPU
	EndGlobalSection
	GlobalSection(ProjectConfigurationPlatforms) = postSolution
		{64D37714-AD27-4AF0-B501-EC5156A34BEB}.Debug|Any CPU.ActiveCfg = Debug|Any CPU
		{64D37714-AD27-4AF0-B501-EC5156A34BEB}.Debug|Any CPU.Build.0 = Debug|Any CPU
		{64D37714-AD27-4AF0-B501-EC5156A34BEB}.Release|Any CPU.ActiveCfg = Release|Any CPU
		{64D37714-AD27-4AF0-B501-EC5156A34BEB}.Release|Any CPU.Build.0 = Release|Any CPU
		{BCC4AA96-317F-4E32-829D-3E9C5A6F4AF9}.Debug|Any CPU.ActiveCfg = Debug|Any CPU
		{BCC4AA96-317F-4E32-829D-3E9C5A6F4AF9}.Debug|Any CPU.Build.0 = Debug|Any CPU
		{BCC4AA96-317F-4E32-829D-3E9C5A6F4AF9}.Release|Any CPU.ActiveCfg = Release|Any CPU
		{BCC4AA96-317F-4E32-829D-3E9C5A6F4AF9}.Release|Any CPU.Build.0 = Release|Any CPU
	EndGlobalSection
	GlobalSection(SolutionProperties) = preSolution
		HideSolutionNode = FALSE
	EndGlobalSection
	GlobalSection(ExtensibilityGlobals) = postSolution
		SolutionGuid = {4C28F1C9-D50A-451E-8AE8-F97980CB932F}
	EndGlobalSection
EndGlobal
